
Microsoft Visual Studio Solution File, Format Version 12.00
# Visual Studio Version 17
VisualStudioVersion = 17.12.35527.113
MinimumVisualStudioVersion = 10.0.40219.1
Project("{FAE04EC0-301F-11D3-BF4B-00C04F79EFBC}") = "API", "ProductsManagement\API.csproj", "{FF9D163E-B5E5-4519-A9FD-DE8276FF693C}"
EndProject
Project("{FAE04EC0-301F-11D3-BF4B-00C04F79EFBC}") = "Admin", "Admin\Admin.csproj", "{821DEE7B-BE19-4D89-A639-3F708BF95FC4}"
EndProject
Project("{FAE04EC0-301F-11D3-BF4B-00C04F79EFBC}") = "Shared", "Shared\Shared.csproj", "{CDEB0944-A9B3-475D-ABD9-F0C63F096EF4}"
EndProject
Global
	GlobalSection(SolutionConfigurationPlatforms) = preSolution
		Debug|Any CPU = Debug|Any CPU
		Release|Any CPU = Release|Any CPU
	EndGlobalSection
	GlobalSection(ProjectConfigurationPlatforms) = postSolution
		{FF9D163E-B5E5-4519-A9FD-DE8276FF693C}.Debug|Any CPU.ActiveCfg = Debug|Any CPU
		{FF9D163E-B5E5-4519-A9FD-DE8276FF693C}.Debug|Any CPU.Build.0 = Debug|Any CPU
		{FF9D163E-B5E5-4519-A9FD-DE8276FF693C}.Release|Any CPU.ActiveCfg = Release|Any CPU
		{FF9D163E-B5E5-4519-A9FD-DE8276FF693C}.Release|Any CPU.Build.0 = Release|Any CPU
		{821DEE7B-BE19-4D89-A639-3F708BF95FC4}.Debug|Any CPU.ActiveCfg = Debug|Any CPU
		{821DEE7B-BE19-4D89-A639-3F708BF95FC4}.Debug|Any CPU.Build.0 = Debug|Any CPU
		{821DEE7B-BE19-4D89-A639-3F708BF95FC4}.Release|Any CPU.ActiveCfg = Release|Any CPU
		{821DEE7B-BE19-4D89-A639-3F708BF95FC4}.Release|Any CPU.Build.0 = Release|Any CPU
		{CDEB0944-A9B3-475D-ABD9-F0C63F096EF4}.Debug|Any CPU.ActiveCfg = Debug|Any CPU
		{CDEB0944-A9B3-475D-ABD9-F0C63F096EF4}.Debug|Any CPU.Build.0 = Debug|Any CPU
		{CDEB0944-A9B3-475D-ABD9-F0C63F096EF4}.Release|Any CPU.ActiveCfg = Release|Any CPU
		{CDEB0944-A9B3-475D-ABD9-F0C63F096EF4}.Release|Any CPU.Build.0 = Release|Any CPU
	EndGlobalSection
	GlobalSection(SolutionProperties) = preSolution
		HideSolutionNode = FALSE
	EndGlobalSection
EndGlobal
